// !$*UTF8*$!
{
	archiveVersion = 1;
	classes = {
	};
	objectVersion = 56;
	objects = {

/* Begin PBXBuildFile section */
		756360772994B50D0043F51A /* RecipeApp.swift in Sources */ = {isa = PBXBuildFile; fileRef = 756360762994B50D0043F51A /* RecipeApp.swift */; };
		756360792994B50D0043F51A /* ContentView.swift in Sources */ = {isa = PBXBuildFile; fileRef = 756360782994B50D0043F51A /* ContentView.swift */; };
		7563607B2994B50F0043F51A /* Assets.xcassets in Resources */ = {isa = PBXBuildFile; fileRef = 7563607A2994B50F0043F51A /* Assets.xcassets */; };
		7563607E2994B50F0043F51A /* Preview Assets.xcassets in Resources */ = {isa = PBXBuildFile; fileRef = 7563607D2994B50F0043F51A /* Preview Assets.xcassets */; };
		756360882994B5350043F51A /* RecipeModel.swift in Sources */ = {isa = PBXBuildFile; fileRef = 756360872994B5350043F51A /* RecipeModel.swift */; };
		7563608A2994B5500043F51A /* Recipe.swift in Sources */ = {isa = PBXBuildFile; fileRef = 756360892994B5500043F51A /* Recipe.swift */; };
		7563608C2994B86A0043F51A /* Pizza.swift in Sources */ = {isa = PBXBuildFile; fileRef = 7563608B2994B86A0043F51A /* Pizza.swift */; };
		7563608E2994B9180043F51A /* PizzaModel.swift in Sources */ = {isa = PBXBuildFile; fileRef = 7563608D2994B9180043F51A /* PizzaModel.swift */; };
		756360922994B97A0043F51A /* PizzaView.swift in Sources */ = {isa = PBXBuildFile; fileRef = 756360912994B97A0043F51A /* PizzaView.swift */; };
		756360942994C3940043F51A /* Optionals.swift in Sources */ = {isa = PBXBuildFile; fileRef = 756360932994C3940043F51A /* Optionals.swift */; };
		75636098299562410043F51A /* recipes.json in Resources */ = {isa = PBXBuildFile; fileRef = 75636097299562410043F51A /* recipes.json */; };
		7563609B29957AFD0043F51A /* DataService.swift in Sources */ = {isa = PBXBuildFile; fileRef = 7563609A29957AFC0043F51A /* DataService.swift */; };
		75B6EC862999D47F00F3B746 /* RecipeDetailView.swift in Sources */ = {isa = PBXBuildFile; fileRef = 75B6EC852999D47F00F3B746 /* RecipeDetailView.swift */; };
/* End PBXBuildFile section */

/* Begin PBXFileReference section */
		756360732994B50D0043F51A /* Recipe.app */ = {isa = PBXFileReference; explicitFileType = wrapper.application; includeInIndex = 0; path = Recipe.app; sourceTree = BUILT_PRODUCTS_DIR; };
		756360762994B50D0043F51A /* RecipeApp.swift */ = {isa = PBXFileReference; lastKnownFileType = sourcecode.swift; path = RecipeApp.swift; sourceTree = "<group>"; };
		756360782994B50D0043F51A /* ContentView.swift */ = {isa = PBXFileReference; lastKnownFileType = sourcecode.swift; path = ContentView.swift; sourceTree = "<group>"; };
		7563607A2994B50F0043F51A /* Assets.xcassets */ = {isa = PBXFileReference; lastKnownFileType = folder.assetcatalog; path = Assets.xcassets; sourceTree = "<group>"; };
		7563607D2994B50F0043F51A /* Preview Assets.xcassets */ = {isa = PBXFileReference; lastKnownFileType = folder.assetcatalog; path = "Preview Assets.xcassets"; sourceTree = "<group>"; };
		756360872994B5350043F51A /* RecipeModel.swift */ = {isa = PBXFileReference; lastKnownFileType = sourcecode.swift; path = RecipeModel.swift; sourceTree = "<group>"; };
		756360892994B5500043F51A /* Recipe.swift */ = {isa = PBXFileReference; lastKnownFileType = sourcecode.swift; path = Recipe.swift; sourceTree = "<group>"; };
		7563608B2994B86A0043F51A /* Pizza.swift */ = {isa = PBXFileReference; lastKnownFileType = sourcecode.swift; path = Pizza.swift; sourceTree = "<group>"; };
		7563608D2994B9180043F51A /* PizzaModel.swift */ = {isa = PBXFileReference; lastKnownFileType = sourcecode.swift; path = PizzaModel.swift; sourceTree = "<group>"; };
		756360912994B97A0043F51A /* PizzaView.swift */ = {isa = PBXFileReference; lastKnownFileType = sourcecode.swift; path = PizzaView.swift; sourceTree = "<group>"; };
		756360932994C3940043F51A /* Optionals.swift */ = {isa = PBXFileReference; lastKnownFileType = sourcecode.swift; path = Optionals.swift; sourceTree = "<group>"; };
		75636097299562410043F51A /* recipes.json */ = {isa = PBXFileReference; lastKnownFileType = text.json; path = recipes.json; sourceTree = "<group>"; };
		7563609A29957AFC0043F51A /* DataService.swift */ = {isa = PBXFileReference; lastKnownFileType = sourcecode.swift; path = DataService.swift; sourceTree = "<group>"; };
		75B6EC852999D47F00F3B746 /* RecipeDetailView.swift */ = {isa = PBXFileReference; lastKnownFileType = sourcecode.swift; path = RecipeDetailView.swift; sourceTree = "<group>"; };
/* End PBXFileReference section */

/* Begin PBXFrameworksBuildPhase section */
		756360702994B50D0043F51A /* Frameworks */ = {
			isa = PBXFrameworksBuildPhase;
			buildActionMask = 2147483647;
			files = (
			);
			runOnlyForDeploymentPostprocessing = 0;
		};
/* End PBXFrameworksBuildPhase section */

/* Begin PBXGroup section */
		7563606A2994B50D0043F51A = {
			isa = PBXGroup;
			children = (
				756360752994B50D0043F51A /* Recipe */,
				756360742994B50D0043F51A /* Products */,
			);
			sourceTree = "<group>";
		};
		756360742994B50D0043F51A /* Products */ = {
			isa = PBXGroup;
			children = (
				756360732994B50D0043F51A /* Recipe.app */,
			);
			name = Products;
			sourceTree = "<group>";
		};
		756360752994B50D0043F51A /* Recipe */ = {
			isa = PBXGroup;
			children = (
				7563609929957ADC0043F51A /* Services */,
				75636096299562310043F51A /* Data */,
				756360952994C75D0043F51A /* Practice */,
				756360862994B5240043F51A /* ViewModels */,
				756360852994B51E0043F51A /* Models */,
				756360842994B5170043F51A /* Views */,
				756360762994B50D0043F51A /* RecipeApp.swift */,
				7563607A2994B50F0043F51A /* Assets.xcassets */,
				7563607C2994B50F0043F51A /* Preview Content */,
			);
			path = Recipe;
			sourceTree = "<group>";
		};
		7563607C2994B50F0043F51A /* Preview Content */ = {
			isa = PBXGroup;
			children = (
				7563607D2994B50F0043F51A /* Preview Assets.xcassets */,
			);
			path = "Preview Content";
			sourceTree = "<group>";
		};
		756360842994B5170043F51A /* Views */ = {
			isa = PBXGroup;
			children = (
				756360782994B50D0043F51A /* ContentView.swift */,
				756360912994B97A0043F51A /* PizzaView.swift */,
				75B6EC852999D47F00F3B746 /* RecipeDetailView.swift */,
			);
			path = Views;
			sourceTree = "<group>";
		};
		756360852994B51E0043F51A /* Models */ = {
			isa = PBXGroup;
			children = (
				756360892994B5500043F51A /* Recipe.swift */,
				7563608B2994B86A0043F51A /* Pizza.swift */,
			);
			path = Models;
			sourceTree = "<group>";
		};
		756360862994B5240043F51A /* ViewModels */ = {
			isa = PBXGroup;
			children = (
				756360872994B5350043F51A /* RecipeModel.swift */,
				7563608D2994B9180043F51A /* PizzaModel.swift */,
			);
			path = ViewModels;
			sourceTree = "<group>";
		};
		756360952994C75D0043F51A /* Practice */ = {
			isa = PBXGroup;
			children = (
				756360932994C3940043F51A /* Optionals.swift */,
			);
			path = Practice;
			sourceTree = "<group>";
		};
		75636096299562310043F51A /* Data */ = {
			isa = PBXGroup;
			children = (
				75636097299562410043F51A /* recipes.json */,
			);
			path = Data;
			sourceTree = "<group>";
		};
		7563609929957ADC0043F51A /* Services */ = {
			isa = PBXGroup;
			children = (
				7563609A29957AFC0043F51A /* DataService.swift */,
			);
			path = Services;
			sourceTree = "<group>";
		};
/* End PBXGroup section */

/* Begin PBXNativeTarget section */
		756360722994B50D0043F51A /* Recipe */ = {
			isa = PBXNativeTarget;
			buildConfigurationList = 756360812994B50F0043F51A /* Build configuration list for PBXNativeTarget "Recipe" */;
			buildPhases = (
				7563606F2994B50D0043F51A /* Sources */,
				756360702994B50D0043F51A /* Frameworks */,
				756360712994B50D0043F51A /* Resources */,
			);
			buildRules = (
			);
			dependencies = (
			);
			name = Recipe;
			productName = Recipe;
			productReference = 756360732994B50D0043F51A /* Recipe.app */;
			productType = "com.apple.product-type.application";
		};
/* End PBXNativeTarget section */

/* Begin PBXProject section */
		7563606B2994B50D0043F51A /* Project object */ = {
			isa = PBXProject;
			attributes = {
				BuildIndependentTargetsInParallel = 1;
				LastSwiftUpdateCheck = 1420;
				LastUpgradeCheck = 1420;
				TargetAttributes = {
					756360722994B50D0043F51A = {
						CreatedOnToolsVersion = 14.2;
					};
				};
			};
			buildConfigurationList = 7563606E2994B50D0043F51A /* Build configuration list for PBXProject "Recipe" */;
			compatibilityVersion = "Xcode 14.0";
			developmentRegion = en;
			hasScannedForEncodings = 0;
			knownRegions = (
				en,
				Base,
			);
			mainGroup = 7563606A2994B50D0043F51A;
			productRefGroup = 756360742994B50D0043F51A /* Products */;
			projectDirPath = "";
			projectRoot = "";
			targets = (
				756360722994B50D0043F51A /* Recipe */,
			);
		};
/* End PBXProject section */

/* Begin PBXResourcesBuildPhase section */
		756360712994B50D0043F51A /* Resources */ = {
			isa = PBXResourcesBuildPhase;
			buildActionMask = 2147483647;
			files = (
				7563607E2994B50F0043F51A /* Preview Assets.xcassets in Resources */,
				75636098299562410043F51A /* recipes.json in Resources */,
				7563607B2994B50F0043F51A /* Assets.xcassets in Resources */,
			);
			runOnlyForDeploymentPostprocessing = 0;
		};
/* End PBXResourcesBuildPhase section */

/* Begin PBXSourcesBuildPhase section */
		7563606F2994B50D0043F51A /* Sources */ = {
			isa = PBXSourcesBuildPhase;
			buildActionMask = 2147483647;
			files = (
				7563609B29957AFD0043F51A /* DataService.swift in Sources */,
				75B6EC862999D47F00F3B746 /* RecipeDetailView.swift in Sources */,
				756360792994B50D0043F51A /* ContentView.swift in Sources */,
				756360772994B50D0043F51A /* RecipeApp.swift in Sources */,
				7563608E2994B9180043F51A /* PizzaModel.swift in Sources */,
				756360942994C3940043F51A /* Optionals.swift in Sources */,
				756360882994B5350043F51A /* RecipeModel.swift in Sources */,
				7563608C2994B86A0043F51A /* Pizza.swift in Sources */,
				7563608A2994B5500043F51A /* Recipe.swift in Sources */,
				756360922994B97A0043F51A /* PizzaView.swift in Sources */,
			);
			runOnlyForDeploymentPostprocessing = 0;
		};
/* End PBXSourcesBuildPhase section */

/* Begin XCBuildConfiguration section */
		7563607F2994B50F0043F51A /* Debug */ = {
			isa = XCBuildConfiguration;
			buildSettings = {
				ALWAYS_SEARCH_USER_PATHS = NO;
				CLANG_ANALYZER_NONNULL = YES;
				CLANG_ANALYZER_NUMBER_OBJECT_CONVERSION = YES_AGGRESSIVE;
				CLANG_CXX_LANGUAGE_STANDARD = "gnu++20";
				CLANG_ENABLE_MODULES = YES;
				CLANG_ENABLE_OBJC_ARC = YES;
				CLANG_ENABLE_OBJC_WEAK = YES;
				CLANG_WARN_BLOCK_CAPTURE_AUTORELEASING = YES;
				CLANG_WARN_BOOL_CONVERSION = YES;
				CLANG_WARN_COMMA = YES;
				CLANG_WARN_CONSTANT_CONVERSION = YES;
				CLANG_WARN_DEPRECATED_OBJC_IMPLEMENTATIONS = YES;
				CLANG_WARN_DIRECT_OBJC_ISA_USAGE = YES_ERROR;
				CLANG_WARN_DOCUMENTATION_COMMENTS = YES;
				CLANG_WARN_EMPTY_BODY = YES;
				CLANG_WARN_ENUM_CONVERSION = YES;
				CLANG_WARN_INFINITE_RECURSION = YES;
				CLANG_WARN_INT_CONVERSION = YES;
				CLANG_WARN_NON_LITERAL_NULL_CONVERSION = YES;
				CLANG_WARN_OBJC_IMPLICIT_RETAIN_SELF = YES;
				CLANG_WARN_OBJC_LITERAL_CONVERSION = YES;
				CLANG_WARN_OBJC_ROOT_CLASS = YES_ERROR;
				CLANG_WARN_QUOTED_INCLUDE_IN_FRAMEWORK_HEADER = YES;
				CLANG_WARN_RANGE_LOOP_ANALYSIS = YES;
				CLANG_WARN_STRICT_PROTOTYPES = YES;
				CLANG_WARN_SUSPICIOUS_MOVE = YES;
				CLANG_WARN_UNGUARDED_AVAILABILITY = YES_AGGRESSIVE;
				CLANG_WARN_UNREACHABLE_CODE = YES;
				CLANG_WARN__DUPLICATE_METHOD_MATCH = YES;
				COPY_PHASE_STRIP = NO;
				DEBUG_INFORMATION_FORMAT = dwarf;
				ENABLE_STRICT_OBJC_MSGSEND = YES;
				ENABLE_TESTABILITY = YES;
				GCC_C_LANGUAGE_STANDARD = gnu11;
				GCC_DYNAMIC_NO_PIC = NO;
				GCC_NO_COMMON_BLOCKS = YES;
				GCC_OPTIMIZATION_LEVEL = 0;
				GCC_PREPROCESSOR_DEFINITIONS = (
					"DEBUG=1",
					"$(inherited)",
				);
				GCC_WARN_64_TO_32_BIT_CONVERSION = YES;
				GCC_WARN_ABOUT_RETURN_TYPE = YES_ERROR;
				GCC_WARN_UNDECLARED_SELECTOR = YES;
				GCC_WARN_UNINITIALIZED_AUTOS = YES_AGGRESSIVE;
				GCC_WARN_UNUSED_FUNCTION = YES;
				GCC_WARN_UNUSED_VARIABLE = YES;
				IPHONEOS_DEPLOYMENT_TARGET = 16.2;
				MTL_ENABLE_DEBUG_INFO = INCLUDE_SOURCE;
				MTL_FAST_MATH = YES;
				ONLY_ACTIVE_ARCH = YES;
				SDKROOT = iphoneos;
				SWIFT_ACTIVE_COMPILATION_CONDITIONS = DEBUG;
				SWIFT_OPTIMIZATION_LEVEL = "-Onone";
			};
			name = Debug;
		};
		756360802994B50F0043F51A /* Release */ = {
			isa = XCBuildConfiguration;
			buildSettings = {
				ALWAYS_SEARCH_USER_PATHS = NO;
				CLANG_ANALYZER_NONNULL = YES;
				CLANG_ANALYZER_NUMBER_OBJECT_CONVERSION = YES_AGGRESSIVE;
				CLANG_CXX_LANGUAGE_STANDARD = "gnu++20";
				CLANG_ENABLE_MODULES = YES;
				CLANG_ENABLE_OBJC_ARC = YES;
				CLANG_ENABLE_OBJC_WEAK = YES;
				CLANG_WARN_BLOCK_CAPTURE_AUTORELEASING = YES;
				CLANG_WARN_BOOL_CONVERSION = YES;
				CLANG_WARN_COMMA = YES;
				CLANG_WARN_CONSTANT_CONVERSION = YES;
				CLANG_WARN_DEPRECATED_OBJC_IMPLEMENTATIONS = YES;
				CLANG_WARN_DIRECT_OBJC_ISA_USAGE = YES_ERROR;
				CLANG_WARN_DOCUMENTATION_COMMENTS = YES;
				CLANG_WARN_EMPTY_BODY = YES;
				CLANG_WARN_ENUM_CONVERSION = YES;
				CLANG_WARN_INFINITE_RECURSION = YES;
				CLANG_WARN_INT_CONVERSION = YES;
				CLANG_WARN_NON_LITERAL_NULL_CONVERSION = YES;
				CLANG_WARN_OBJC_IMPLICIT_RETAIN_SELF = YES;
				CLANG_WARN_OBJC_LITERAL_CONVERSION = YES;
				CLANG_WARN_OBJC_ROOT_CLASS = YES_ERROR;
				CLANG_WARN_QUOTED_INCLUDE_IN_FRAMEWORK_HEADER = YES;
				CLANG_WARN_RANGE_LOOP_ANALYSIS = YES;
				CLANG_WARN_STRICT_PROTOTYPES = YES;
				CLANG_WARN_SUSPICIOUS_MOVE = YES;
				CLANG_WARN_UNGUARDED_AVAILABILITY = YES_AGGRESSIVE;
				CLANG_WARN_UNREACHABLE_CODE = YES;
				CLANG_WARN__DUPLICATE_METHOD_MATCH = YES;
				COPY_PHASE_STRIP = NO;
				DEBUG_INFORMATION_FORMAT = "dwarf-with-dsym";
				ENABLE_NS_ASSERTIONS = NO;
				ENABLE_STRICT_OBJC_MSGSEND = YES;
				GCC_C_LANGUAGE_STANDARD = gnu11;
				GCC_NO_COMMON_BLOCKS = YES;
				GCC_WARN_64_TO_32_BIT_CONVERSION = YES;
				GCC_WARN_ABOUT_RETURN_TYPE = YES_ERROR;
				GCC_WARN_UNDECLARED_SELECTOR = YES;
				GCC_WARN_UNINITIALIZED_AUTOS = YES_AGGRESSIVE;
				GCC_WARN_UNUSED_FUNCTION = YES;
				GCC_WARN_UNUSED_VARIABLE = YES;
				IPHONEOS_DEPLOYMENT_TARGET = 16.2;
				MTL_ENABLE_DEBUG_INFO = NO;
				MTL_FAST_MATH = YES;
				SDKROOT = iphoneos;
				SWIFT_COMPILATION_MODE = wholemodule;
				SWIFT_OPTIMIZATION_LEVEL = "-O";
				VALIDATE_PRODUCT = YES;
			};
			name = Release;
		};
		756360822994B50F0043F51A /* Debug */ = {
			isa = XCBuildConfiguration;
			buildSettings = {
				ASSETCATALOG_COMPILER_APPICON_NAME = AppIcon;
				ASSETCATALOG_COMPILER_GLOBAL_ACCENT_COLOR_NAME = AccentColor;
				CODE_SIGN_STYLE = Automatic;
				CURRENT_PROJECT_VERSION = 1;
				DEVELOPMENT_ASSET_PATHS = "\"Recipe/Preview Content\"";
				DEVELOPMENT_TEAM = HMFDPX66GU;
				ENABLE_PREVIEWS = YES;
				GENERATE_INFOPLIST_FILE = YES;
				INFOPLIST_KEY_UIApplicationSceneManifest_Generation = YES;
				INFOPLIST_KEY_UIApplicationSupportsIndirectInputEvents = YES;
				INFOPLIST_KEY_UILaunchScreen_Generation = YES;
				INFOPLIST_KEY_UISupportedInterfaceOrientations_iPad = "UIInterfaceOrientationPortrait UIInterfaceOrientationPortraitUpsideDown UIInterfaceOrientationLandscapeLeft UIInterfaceOrientationLandscapeRight";
				INFOPLIST_KEY_UISupportedInterfaceOrientations_iPhone = "UIInterfaceOrientationPortrait UIInterfaceOrientationLandscapeLeft UIInterfaceOrientationLandscapeRight";
				LD_RUNPATH_SEARCH_PATHS = (
					"$(inherited)",
					"@executable_path/Frameworks",
				);
				MARKETING_VERSION = 1.0;
				PRODUCT_BUNDLE_IDENTIFIER = com.discoman.Recipe;
				PRODUCT_NAME = "$(TARGET_NAME)";
				SWIFT_EMIT_LOC_STRINGS = YES;
				SWIFT_VERSION = 5.0;
				TARGETED_DEVICE_FAMILY = "1,2";
			};
			name = Debug;
		};
		756360832994B50F0043F51A /* Release */ = {
			isa = XCBuildConfiguration;
			buildSettings = {
				ASSETCATALOG_COMPILER_APPICON_NAME = AppIcon;
				ASSETCATALOG_COMPILER_GLOBAL_ACCENT_COLOR_NAME = AccentColor;
				CODE_SIGN_STYLE = Automatic;
				CURRENT_PROJECT_VERSION = 1;
				DEVELOPMENT_ASSET_PATHS = "\"Recipe/Preview Content\"";
				DEVELOPMENT_TEAM = HMFDPX66GU;
				ENABLE_PREVIEWS = YES;
				GENERATE_INFOPLIST_FILE = YES;
				INFOPLIST_KEY_UIApplicationSceneManifest_Generation = YES;
				INFOPLIST_KEY_UIApplicationSupportsIndirectInputEvents = YES;
				INFOPLIST_KEY_UILaunchScreen_Generation = YES;
				INFOPLIST_KEY_UISupportedInterfaceOrientations_iPad = "UIInterfaceOrientationPortrait UIInterfaceOrientationPortraitUpsideDown UIInterfaceOrientationLandscapeLeft UIInterfaceOrientationLandscapeRight";
				INFOPLIST_KEY_UISupportedInterfaceOrientations_iPhone = "UIInterfaceOrientationPortrait UIInterfaceOrientationLandscapeLeft UIInterfaceOrientationLandscapeRight";
				LD_RUNPATH_SEARCH_PATHS = (
					"$(inherited)",
					"@executable_path/Frameworks",
				);
				MARKETING_VERSION = 1.0;
				PRODUCT_BUNDLE_IDENTIFIER = com.discoman.Recipe;
				PRODUCT_NAME = "$(TARGET_NAME)";
				SWIFT_EMIT_LOC_STRINGS = YES;
				SWIFT_VERSION = 5.0;
				TARGETED_DEVICE_FAMILY = "1,2";
			};
			name = Release;
		};
/* End XCBuildConfiguration section */

/* Begin XCConfigurationList section */
		7563606E2994B50D0043F51A /* Build configuration list for PBXProject "Recipe" */ = {
			isa = XCConfigurationList;
			buildConfigurations = (
				7563607F2994B50F0043F51A /* Debug */,
				756360802994B50F0043F51A /* Release */,
			);
			defaultConfigurationIsVisible = 0;
			defaultConfigurationName = Release;
		};
		756360812994B50F0043F51A /* Build configuration list for PBXNativeTarget "Recipe" */ = {
			isa = XCConfigurationList;
			buildConfigurations = (
				756360822994B50F0043F51A /* Debug */,
				756360832994B50F0043F51A /* Release */,
			);
			defaultConfigurationIsVisible = 0;
			defaultConfigurationName = Release;
		};
/* End XCConfigurationList section */
	};
	rootObject = 7563606B2994B50D0043F51A /* Project object */;
}
